
Microsoft Visual Studio Solution File, Format Version 12.00
Project("{FAE04EC0-301F-11D3-BF4B-00C04F79EFBC}") = "MyPassionExtendSource", "MyPassionExtendSource.csproj", "{FF5E755C-2064-421C-B70F-48D3F87D07F1}"
EndProject
Global
	GlobalSection(SolutionConfigurationPlatforms) = preSolution
		Debug|Any CPU = Debug|Any CPU
		Release|Any CPU = Release|Any CPU
	EndGlobalSection
	GlobalSection(ProjectConfigurationPlatforms) = postSolution
		{FF5E755C-2064-421C-B70F-48D3F87D07F1}.Debug|Any CPU.ActiveCfg = Debug|Any CPU
		{FF5E755C-2064-421C-B70F-48D3F87D07F1}.Debug|Any CPU.Build.0 = Debug|Any CPU
		{FF5E755C-2064-421C-B70F-48D3F87D07F1}.Release|Any CPU.ActiveCfg = Release|Any CPU
		{FF5E755C-2064-421C-B70F-48D3F87D07F1}.Release|Any CPU.Build.0 = Release|Any CPU
	EndGlobalSection
EndGlobal
